// !$*UTF8*$!
{
	archiveVersion = 1;
	classes = {
	};
	objectVersion = 46;
	objects = {

/* Begin PBXBuildFile section */
		490DD74D8348731D6B04B34C /* Pods_RealmIntro.framework in Frameworks */ = {isa = PBXBuildFile; fileRef = 7FD5B4405328B1EF4BCED7C5 /* Pods_RealmIntro.framework */; };
		99733DF91E9C9A06004DD7F0 /* AppDelegate.swift in Sources */ = {isa = PBXBuildFile; fileRef = 99733DF81E9C9A06004DD7F0 /* AppDelegate.swift */; };
		99733DFE1E9C9A06004DD7F0 /* Main.storyboard in Resources */ = {isa = PBXBuildFile; fileRef = 99733DFC1E9C9A06004DD7F0 /* Main.storyboard */; };
		99733E001E9C9A06004DD7F0 /* Assets.xcassets in Resources */ = {isa = PBXBuildFile; fileRef = 99733DFF1E9C9A06004DD7F0 /* Assets.xcassets */; };
		99733E031E9C9A06004DD7F0 /* LaunchScreen.storyboard in Resources */ = {isa = PBXBuildFile; fileRef = 99733E011E9C9A06004DD7F0 /* LaunchScreen.storyboard */; };
		99733E0B1E9C9A5E004DD7F0 /* Developer.swift in Sources */ = {isa = PBXBuildFile; fileRef = 99733E0A1E9C9A5E004DD7F0 /* Developer.swift */; };
		99733E0D1E9C9AF3004DD7F0 /* DeveloperCell.swift in Sources */ = {isa = PBXBuildFile; fileRef = 99733E0C1E9C9AF3004DD7F0 /* DeveloperCell.swift */; };
		99733E0F1E9C9B12004DD7F0 /* DeveloperTVC.swift in Sources */ = {isa = PBXBuildFile; fileRef = 99733E0E1E9C9B12004DD7F0 /* DeveloperTVC.swift */; };
/* End PBXBuildFile section */

/* Begin PBXFileReference section */
		0703E47236374A28C67F8742 /* Pods-RealmIntro.debug.xcconfig */ = {isa = PBXFileReference; includeInIndex = 1; lastKnownFileType = text.xcconfig; name = "Pods-RealmIntro.debug.xcconfig"; path = "Pods/Target Support Files/Pods-RealmIntro/Pods-RealmIntro.debug.xcconfig"; sourceTree = "<group>"; };
		7FD5B4405328B1EF4BCED7C5 /* Pods_RealmIntro.framework */ = {isa = PBXFileReference; explicitFileType = wrapper.framework; includeInIndex = 0; path = Pods_RealmIntro.framework; sourceTree = BUILT_PRODUCTS_DIR; };
		99733DF51E9C9A06004DD7F0 /* RealmIntro.app */ = {isa = PBXFileReference; explicitFileType = wrapper.application; includeInIndex = 0; path = RealmIntro.app; sourceTree = BUILT_PRODUCTS_DIR; };
		99733DF81E9C9A06004DD7F0 /* AppDelegate.swift */ = {isa = PBXFileReference; lastKnownFileType = sourcecode.swift; path = AppDelegate.swift; sourceTree = "<group>"; };
		99733DFD1E9C9A06004DD7F0 /* Base */ = {isa = PBXFileReference; lastKnownFileType = file.storyboard; name = Base; path = Base.lproj/Main.storyboard; sourceTree = "<group>"; };
		99733DFF1E9C9A06004DD7F0 /* Assets.xcassets */ = {isa = PBXFileReference; lastKnownFileType = folder.assetcatalog; path = Assets.xcassets; sourceTree = "<group>"; };
		99733E021E9C9A06004DD7F0 /* Base */ = {isa = PBXFileReference; lastKnownFileType = file.storyboard; name = Base; path = Base.lproj/LaunchScreen.storyboard; sourceTree = "<group>"; };
		99733E041E9C9A06004DD7F0 /* Info.plist */ = {isa = PBXFileReference; lastKnownFileType = text.plist.xml; path = Info.plist; sourceTree = "<group>"; };
		99733E0A1E9C9A5E004DD7F0 /* Developer.swift */ = {isa = PBXFileReference; fileEncoding = 4; lastKnownFileType = sourcecode.swift; path = Developer.swift; sourceTree = "<group>"; };
		99733E0C1E9C9AF3004DD7F0 /* DeveloperCell.swift */ = {isa = PBXFileReference; fileEncoding = 4; lastKnownFileType = sourcecode.swift; path = DeveloperCell.swift; sourceTree = "<group>"; };
		99733E0E1E9C9B12004DD7F0 /* DeveloperTVC.swift */ = {isa = PBXFileReference; fileEncoding = 4; lastKnownFileType = sourcecode.swift; path = DeveloperTVC.swift; sourceTree = "<group>"; };
		E808758EE03E701077A06C99 /* Pods-RealmIntro.release.xcconfig */ = {isa = PBXFileReference; includeInIndex = 1; lastKnownFileType = text.xcconfig; name = "Pods-RealmIntro.release.xcconfig"; path = "Pods/Target Support Files/Pods-RealmIntro/Pods-RealmIntro.release.xcconfig"; sourceTree = "<group>"; };
/* End PBXFileReference section */

/* Begin PBXFrameworksBuildPhase section */
		99733DF21E9C9A06004DD7F0 /* Frameworks */ = {
			isa = PBXFrameworksBuildPhase;
			buildActionMask = 2147483647;
			files = (
				490DD74D8348731D6B04B34C /* Pods_RealmIntro.framework in Frameworks */,
			);
			runOnlyForDeploymentPostprocessing = 0;
		};
/* End PBXFrameworksBuildPhase section */

/* Begin PBXGroup section */
		99733DEC1E9C9A06004DD7F0 = {
			isa = PBXGroup;
			children = (
				99733DF71E9C9A06004DD7F0 /* RealmIntro */,
				99733DF61E9C9A06004DD7F0 /* Products */,
				F9C46ADD614E83171BC2F607 /* Pods */,
				DE9E2D0DC30703F2A715E4D6 /* Frameworks */,
			);
			sourceTree = "<group>";
		};
		99733DF61E9C9A06004DD7F0 /* Products */ = {
			isa = PBXGroup;
			children = (
				99733DF51E9C9A06004DD7F0 /* RealmIntro.app */,
			);
			name = Products;
			sourceTree = "<group>";
		};
		99733DF71E9C9A06004DD7F0 /* RealmIntro */ = {
			isa = PBXGroup;
			children = (
				99733DF81E9C9A06004DD7F0 /* AppDelegate.swift */,
				99733E0A1E9C9A5E004DD7F0 /* Developer.swift */,
				99733DFC1E9C9A06004DD7F0 /* Main.storyboard */,
				99733E0C1E9C9AF3004DD7F0 /* DeveloperCell.swift */,
				99733E0E1E9C9B12004DD7F0 /* DeveloperTVC.swift */,
				99733DFF1E9C9A06004DD7F0 /* Assets.xcassets */,
				99733E011E9C9A06004DD7F0 /* LaunchScreen.storyboard */,
				99733E041E9C9A06004DD7F0 /* Info.plist */,
			);
			path = RealmIntro;
			sourceTree = "<group>";
		};
		DE9E2D0DC30703F2A715E4D6 /* Frameworks */ = {
			isa = PBXGroup;
			children = (
				7FD5B4405328B1EF4BCED7C5 /* Pods_RealmIntro.framework */,
			);
			name = Frameworks;
			sourceTree = "<group>";
		};
		F9C46ADD614E83171BC2F607 /* Pods */ = {
			isa = PBXGroup;
			children = (
				0703E47236374A28C67F8742 /* Pods-RealmIntro.debug.xcconfig */,
				E808758EE03E701077A06C99 /* Pods-RealmIntro.release.xcconfig */,
			);
			name = Pods;
			sourceTree = "<group>";
		};
/* End PBXGroup section */

/* Begin PBXNativeTarget section */
		99733DF41E9C9A06004DD7F0 /* RealmIntro */ = {
			isa = PBXNativeTarget;
			buildConfigurationList = 99733E071E9C9A06004DD7F0 /* Build configuration list for PBXNativeTarget "RealmIntro" */;
			buildPhases = (
				65BADDA681A6572EEF8A62D0 /* [CP] Check Pods Manifest.lock */,
				99733DF11E9C9A06004DD7F0 /* Sources */,
				99733DF21E9C9A06004DD7F0 /* Frameworks */,
				99733DF31E9C9A06004DD7F0 /* Resources */,
				DF11648A85A133320ECEAADF /* [CP] Embed Pods Frameworks */,
				4DAB14CCA32CAC8B09774E06 /* [CP] Copy Pods Resources */,
			);
			buildRules = (
			);
			dependencies = (
			);
			name = RealmIntro;
			productName = RealmIntro;
			productReference = 99733DF51E9C9A06004DD7F0 /* RealmIntro.app */;
			productType = "com.apple.product-type.application";
		};
/* End PBXNativeTarget section */

/* Begin PBXProject section */
		99733DED1E9C9A06004DD7F0 /* Project object */ = {
			isa = PBXProject;
			attributes = {
				LastSwiftUpdateCheck = 0830;
				LastUpgradeCheck = 0830;
				ORGANIZATIONNAME = "Sujan Vaidya";
				TargetAttributes = {
					99733DF41E9C9A06004DD7F0 = {
						CreatedOnToolsVersion = 8.3;
						DevelopmentTeam = 5U44BGY686;
						ProvisioningStyle = Automatic;
					};
				};
			};
			buildConfigurationList = 99733DF01E9C9A06004DD7F0 /* Build configuration list for PBXProject "RealmIntro" */;
			compatibilityVersion = "Xcode 3.2";
			developmentRegion = English;
			hasScannedForEncodings = 0;
			knownRegions = (
				en,
				Base,
			);
			mainGroup = 99733DEC1E9C9A06004DD7F0;
			productRefGroup = 99733DF61E9C9A06004DD7F0 /* Products */;
			projectDirPath = "";
			projectRoot = "";
			targets = (
				99733DF41E9C9A06004DD7F0 /* RealmIntro */,
			);
		};
/* End PBXProject section */

/* Begin PBXResourcesBuildPhase section */
		99733DF31E9C9A06004DD7F0 /* Resources */ = {
			isa = PBXResourcesBuildPhase;
			buildActionMask = 2147483647;
			files = (
				99733E031E9C9A06004DD7F0 /* LaunchScreen.storyboard in Resources */,
				99733E001E9C9A06004DD7F0 /* Assets.xcassets in Resources */,
				99733DFE1E9C9A06004DD7F0 /* Main.storyboard in Resources */,
			);
			runOnlyForDeploymentPostprocessing = 0;
		};
/* End PBXResourcesBuildPhase section */

/* Begin PBXShellScriptBuildPhase section */
		4DAB14CCA32CAC8B09774E06 /* [CP] Copy Pods Resources */ = {
			isa = PBXShellScriptBuildPhase;
			buildActionMask = 2147483647;
			files = (
			);
			inputPaths = (
			);
			name = "[CP] Copy Pods Resources";
			outputPaths = (
			);
			runOnlyForDeploymentPostprocessing = 0;
			shellPath = /bin/sh;
			shellScript = "\"${SRCROOT}/Pods/Target Support Files/Pods-RealmIntro/Pods-RealmIntro-resources.sh\"\n";
			showEnvVarsInLog = 0;
		};
		65BADDA681A6572EEF8A62D0 /* [CP] Check Pods Manifest.lock */ = {
			isa = PBXShellScriptBuildPhase;
			buildActionMask = 2147483647;
			files = (
			);
			inputPaths = (
			);
			name = "[CP] Check Pods Manifest.lock";
			outputPaths = (
			);
			runOnlyForDeploymentPostprocessing = 0;
			shellPath = /bin/sh;
			shellScript = "diff \"${PODS_ROOT}/../Podfile.lock\" \"${PODS_ROOT}/Manifest.lock\" > /dev/null\nif [ $? != 0 ] ; then\n    # print error to STDERR\n    echo \"error: The sandbox is not in sync with the Podfile.lock. Run 'pod install' or update your CocoaPods installation.\" >&2\n    exit 1\nfi\n";
			showEnvVarsInLog = 0;
		};
		DF11648A85A133320ECEAADF /* [CP] Embed Pods Frameworks */ = {
			isa = PBXShellScriptBuildPhase;
			buildActionMask = 2147483647;
			files = (
			);
			inputPaths = (
			);
			name = "[CP] Embed Pods Frameworks";
			outputPaths = (
			);
			runOnlyForDeploymentPostprocessing = 0;
			shellPath = /bin/sh;
			shellScript = "\"${SRCROOT}/Pods/Target Support Files/Pods-RealmIntro/Pods-RealmIntro-frameworks.sh\"\n";
			showEnvVarsInLog = 0;
		};
/* End PBXShellScriptBuildPhase section */

/* Begin PBXSourcesBuildPhase section */
		99733DF11E9C9A06004DD7F0 /* Sources */ = {
			isa = PBXSourcesBuildPhase;
			buildActionMask = 2147483647;
			files = (
				99733E0F1E9C9B12004DD7F0 /* DeveloperTVC.swift in Sources */,
				99733E0D1E9C9AF3004DD7F0 /* DeveloperCell.swift in Sources */,
				99733E0B1E9C9A5E004DD7F0 /* Developer.swift in Sources */,
				99733DF91E9C9A06004DD7F0 /* AppDelegate.swift in Sources */,
			);
			runOnlyForDeploymentPostprocessing = 0;
		};
/* End PBXSourcesBuildPhase section */

/* Begin PBXVariantGroup section */
		99733DFC1E9C9A06004DD7F0 /* Main.storyboard */ = {
			isa = PBXVariantGroup;
			children = (
				99733DFD1E9C9A06004DD7F0 /* Base */,
			);
			name = Main.storyboard;
			sourceTree = "<group>";
		};
		99733E011E9C9A06004DD7F0 /* LaunchScreen.storyboard */ = {
			isa = PBXVariantGroup;
			children = (
				99733E021E9C9A06004DD7F0 /* Base */,
			);
			name = LaunchScreen.storyboard;
			sourceTree = "<group>";
		};
/* End PBXVariantGroup section */

/* Begin XCBuildConfiguration section */
		99733E051E9C9A06004DD7F0 /* Debug */ = {
			isa = XCBuildConfiguration;
			buildSettings = {
				ALWAYS_SEARCH_USER_PATHS = NO;
				CLANG_ANALYZER_NONNULL = YES;
				CLANG_ANALYZER_NUMBER_OBJECT_CONVERSION = YES_AGGRESSIVE;
				CLANG_CXX_LANGUAGE_STANDARD = "gnu++0x";
				CLANG_CXX_LIBRARY = "libc++";
				CLANG_ENABLE_MODULES = YES;
				CLANG_ENABLE_OBJC_ARC = YES;
				CLANG_WARN_BOOL_CONVERSION = YES;
				CLANG_WARN_CONSTANT_CONVERSION = YES;
				CLANG_WARN_DIRECT_OBJC_ISA_USAGE = YES_ERROR;
				CLANG_WARN_DOCUMENTATION_COMMENTS = YES;
				CLANG_WARN_EMPTY_BODY = YES;
				CLANG_WARN_ENUM_CONVERSION = YES;
				CLANG_WARN_INFINITE_RECURSION = YES;
				CLANG_WARN_INT_CONVERSION = YES;
				CLANG_WARN_OBJC_ROOT_CLASS = YES_ERROR;
				CLANG_WARN_SUSPICIOUS_MOVE = YES;
				CLANG_WARN_UNREACHABLE_CODE = YES;
				CLANG_WARN__DUPLICATE_METHOD_MATCH = YES;
				"CODE_SIGN_IDENTITY[sdk=iphoneos*]" = "iPhone Developer";
				COPY_PHASE_STRIP = NO;
				DEBUG_INFORMATION_FORMAT = dwarf;
				ENABLE_STRICT_OBJC_MSGSEND = YES;
				ENABLE_TESTABILITY = YES;
				GCC_C_LANGUAGE_STANDARD = gnu99;
				GCC_DYNAMIC_NO_PIC = NO;
				GCC_NO_COMMON_BLOCKS = YES;
				GCC_OPTIMIZATION_LEVEL = 0;
				GCC_PREPROCESSOR_DEFINITIONS = (
					"DEBUG=1",
					"$(inherited)",
				);
				GCC_WARN_64_TO_32_BIT_CONVERSION = YES;
				GCC_WARN_ABOUT_RETURN_TYPE = YES_ERROR;
				GCC_WARN_UNDECLARED_SELECTOR = YES;
				GCC_WARN_UNINITIALIZED_AUTOS = YES_AGGRESSIVE;
				GCC_WARN_UNUSED_FUNCTION = YES;
				GCC_WARN_UNUSED_VARIABLE = YES;
				IPHONEOS_DEPLOYMENT_TARGET = 10.3;
				MTL_ENABLE_DEBUG_INFO = YES;
				ONLY_ACTIVE_ARCH = YES;
				SDKROOT = iphoneos;
				SWIFT_ACTIVE_COMPILATION_CONDITIONS = DEBUG;
				SWIFT_OPTIMIZATION_LEVEL = "-Onone";
			};
			name = Debug;
		};
		99733E061E9C9A06004DD7F0 /* Release */ = {
			isa = XCBuildConfiguration;
			buildSettings = {
				ALWAYS_SEARCH_USER_PATHS = NO;
				CLANG_ANALYZER_NONNULL = YES;
				CLANG_ANALYZER_NUMBER_OBJECT_CONVERSION = YES_AGGRESSIVE;
				CLANG_CXX_LANGUAGE_STANDARD = "gnu++0x";
				CLANG_CXX_LIBRARY = "libc++";
				CLANG_ENABLE_MODULES = YES;
				CLANG_ENABLE_OBJC_ARC = YES;
				CLANG_WARN_BOOL_CONVERSION = YES;
				CLANG_WARN_CONSTANT_CONVERSION = YES;
				CLANG_WARN_DIRECT_OBJC_ISA_USAGE = YES_ERROR;
				CLANG_WARN_DOCUMENTATION_COMMENTS = YES;
				CLANG_WARN_EMPTY_BODY = YES;
				CLANG_WARN_ENUM_CONVERSION = YES;
				CLANG_WARN_INFINITE_RECURSION = YES;
				CLANG_WARN_INT_CONVERSION = YES;
				CLANG_WARN_OBJC_ROOT_CLASS = YES_ERROR;
				CLANG_WARN_SUSPICIOUS_MOVE = YES;
				CLANG_WARN_UNREACHABLE_CODE = YES;
				CLANG_WARN__DUPLICATE_METHOD_MATCH = YES;
				"CODE_SIGN_IDENTITY[sdk=iphoneos*]" = "iPhone Developer";
				COPY_PHASE_STRIP = NO;
				DEBUG_INFORMATION_FORMAT = "dwarf-with-dsym";
				ENABLE_NS_ASSERTIONS = NO;
				ENABLE_STRICT_OBJC_MSGSEND = YES;
				GCC_C_LANGUAGE_STANDARD = gnu99;
				GCC_NO_COMMON_BLOCKS = YES;
				GCC_WARN_64_TO_32_BIT_CONVERSION = YES;
				GCC_WARN_ABOUT_RETURN_TYPE = YES_ERROR;
				GCC_WARN_UNDECLARED_SELECTOR = YES;
				GCC_WARN_UNINITIALIZED_AUTOS = YES_AGGRESSIVE;
				GCC_WARN_UNUSED_FUNCTION = YES;
				GCC_WARN_UNUSED_VARIABLE = YES;
				IPHONEOS_DEPLOYMENT_TARGET = 10.3;
				MTL_ENABLE_DEBUG_INFO = NO;
				SDKROOT = iphoneos;
				SWIFT_OPTIMIZATION_LEVEL = "-Owholemodule";
				VALIDATE_PRODUCT = YES;
			};
			name = Release;
		};
		99733E081E9C9A06004DD7F0 /* Debug */ = {
			isa = XCBuildConfiguration;
			baseConfigurationReference = 0703E47236374A28C67F8742 /* Pods-RealmIntro.debug.xcconfig */;
			buildSettings = {
				ASSETCATALOG_COMPILER_APPICON_NAME = AppIcon;
				DEVELOPMENT_TEAM = 5U44BGY686;
				INFOPLIST_FILE = RealmIntro/Info.plist;
				LD_RUNPATH_SEARCH_PATHS = "$(inherited) @executable_path/Frameworks";
				PRODUCT_BUNDLE_IDENTIFIER = com.SujanVaidya.RealmIntro;
				PRODUCT_NAME = "$(TARGET_NAME)";
				SWIFT_VERSION = 3.0;
			};
			name = Debug;
		};
		99733E091E9C9A06004DD7F0 /* Release */ = {
			isa = XCBuildConfiguration;
			baseConfigurationReference = E808758EE03E701077A06C99 /* Pods-RealmIntro.release.xcconfig */;
			buildSettings = {
				ASSETCATALOG_COMPILER_APPICON_NAME = AppIcon;
				DEVELOPMENT_TEAM = 5U44BGY686;
				INFOPLIST_FILE = RealmIntro/Info.plist;
				LD_RUNPATH_SEARCH_PATHS = "$(inherited) @executable_path/Frameworks";
				PRODUCT_BUNDLE_IDENTIFIER = com.SujanVaidya.RealmIntro;
				PRODUCT_NAME = "$(TARGET_NAME)";
				SWIFT_VERSION = 3.0;
			};
			name = Release;
		};
/* End XCBuildConfiguration section */

/* Begin XCConfigurationList section */
		99733DF01E9C9A06004DD7F0 /* Build configuration list for PBXProject "RealmIntro" */ = {
			isa = XCConfigurationList;
			buildConfigurations = (
				99733E051E9C9A06004DD7F0 /* Debug */,
				99733E061E9C9A06004DD7F0 /* Release */,
			);
			defaultConfigurationIsVisible = 0;
			defaultConfigurationName = Release;
		};
		99733E071E9C9A06004DD7F0 /* Build configuration list for PBXNativeTarget "RealmIntro" */ = {
			isa = XCConfigurationList;
			buildConfigurations = (
				99733E081E9C9A06004DD7F0 /* Debug */,
				99733E091E9C9A06004DD7F0 /* Release */,
			);
			defaultConfigurationIsVisible = 0;
			defaultConfigurationName = Release;
		};
/* End XCConfigurationList section */
	};
	rootObject = 99733DED1E9C9A06004DD7F0 /* Project object */;
}
